// !$*UTF8*$!
{
	archiveVersion = 1;
	classes = {
	};
	objectVersion = 46;
	objects = {

/* Begin PBXBuildFile section */
		61A95296F3207C168CADA940 /* libPods-AppExt.a in Frameworks */ = {isa = PBXBuildFile; fileRef = 64B1EC6A336441626BE716DD /* libPods-AppExt.a */; };
		63F167BB0DCDAC8F3E0AFAF2 /* libPods-AppExtensition.a in Frameworks */ = {isa = PBXBuildFile; fileRef = A6D948CAE8FB615B76F4654F /* libPods-AppExtensition.a */; };
		C9F6697C1D7912CE00DF0DFF /* main.m in Sources */ = {isa = PBXBuildFile; fileRef = C9F6697B1D7912CE00DF0DFF /* main.m */; };
		C9F6697F1D7912CE00DF0DFF /* AppDelegate.m in Sources */ = {isa = PBXBuildFile; fileRef = C9F6697E1D7912CE00DF0DFF /* AppDelegate.m */; };
		C9F669821D7912CE00DF0DFF /* ViewController.m in Sources */ = {isa = PBXBuildFile; fileRef = C9F669811D7912CE00DF0DFF /* ViewController.m */; };
		C9F669851D7912CE00DF0DFF /* Main.storyboard in Resources */ = {isa = PBXBuildFile; fileRef = C9F669831D7912CE00DF0DFF /* Main.storyboard */; };
		C9F669871D7912CE00DF0DFF /* Assets.xcassets in Resources */ = {isa = PBXBuildFile; fileRef = C9F669861D7912CE00DF0DFF /* Assets.xcassets */; };
		C9F6698A1D7912CE00DF0DFF /* LaunchScreen.storyboard in Resources */ = {isa = PBXBuildFile; fileRef = C9F669881D7912CE00DF0DFF /* LaunchScreen.storyboard */; };
		C9F669921D7914C200DF0DFF /* ViewController.xib in Resources */ = {isa = PBXBuildFile; fileRef = C9F669911D7914C200DF0DFF /* ViewController.xib */; };
		C9F6699C1D79178700DF0DFF /* NotificationCenter.framework in Frameworks */ = {isa = PBXBuildFile; fileRef = C9F6699B1D79178700DF0DFF /* NotificationCenter.framework */; };
		C9F669A01D79178700DF0DFF /* TodayViewController.m in Sources */ = {isa = PBXBuildFile; fileRef = C9F6699F1D79178700DF0DFF /* TodayViewController.m */; };
		C9F669A31D79178700DF0DFF /* MainInterface.storyboard in Resources */ = {isa = PBXBuildFile; fileRef = C9F669A11D79178700DF0DFF /* MainInterface.storyboard */; };
		C9F669A71D79178700DF0DFF /* AppExt.appex in Embed App Extensions */ = {isa = PBXBuildFile; fileRef = C9F669991D79178700DF0DFF /* AppExt.appex */; settings = {ATTRIBUTES = (RemoveHeadersOnCopy, ); }; };
		C9F669B21D791AC600DF0DFF /* Icon.png in Resources */ = {isa = PBXBuildFile; fileRef = C9F669AF1D791AC600DF0DFF /* Icon.png */; };
		C9F669B91D79235000DF0DFF /* 业务名称.plist in Resources */ = {isa = PBXBuildFile; fileRef = C9F669B51D79235000DF0DFF /* 业务名称.plist */; };
		C9F669BA1D79235000DF0DFF /* bidBase_clock.png in Resources */ = {isa = PBXBuildFile; fileRef = C9F669B61D79235000DF0DFF /* bidBase_clock.png */; };
		C9F669BB1D79235000DF0DFF /* bidBase_clock@2x.png in Resources */ = {isa = PBXBuildFile; fileRef = C9F669B71D79235000DF0DFF /* bidBase_clock@2x.png */; };
		C9F669BC1D79235000DF0DFF /* bidBase_clock@3x.png in Resources */ = {isa = PBXBuildFile; fileRef = C9F669B81D79235000DF0DFF /* bidBase_clock@3x.png */; };
		C9FF2D911D795FC20047370F /* HomeController.m in Sources */ = {isa = PBXBuildFile; fileRef = C9FF2D901D795FC20047370F /* HomeController.m */; };
/* End PBXBuildFile section */

/* Begin PBXContainerItemProxy section */
		C9F669A51D79178700DF0DFF /* PBXContainerItemProxy */ = {
			isa = PBXContainerItemProxy;
			containerPortal = C9F6696F1D7912CE00DF0DFF /* Project object */;
			proxyType = 1;
			remoteGlobalIDString = C9F669981D79178700DF0DFF;
			remoteInfo = AppExt;
		};
/* End PBXContainerItemProxy section */

/* Begin PBXCopyFilesBuildPhase section */
		C9F669AB1D79178700DF0DFF /* Embed App Extensions */ = {
			isa = PBXCopyFilesBuildPhase;
			buildActionMask = 2147483647;
			dstPath = "";
			dstSubfolderSpec = 13;
			files = (
				C9F669A71D79178700DF0DFF /* AppExt.appex in Embed App Extensions */,
			);
			name = "Embed App Extensions";
			runOnlyForDeploymentPostprocessing = 0;
		};
/* End PBXCopyFilesBuildPhase section */

/* Begin PBXFileReference section */
		64B1EC6A336441626BE716DD /* libPods-AppExt.a */ = {isa = PBXFileReference; explicitFileType = archive.ar; includeInIndex = 0; path = "libPods-AppExt.a"; sourceTree = BUILT_PRODUCTS_DIR; };
		99E1EDEE0D19ED64E43C7031 /* Pods-AppExt.release.xcconfig */ = {isa = PBXFileReference; includeInIndex = 1; lastKnownFileType = text.xcconfig; name = "Pods-AppExt.release.xcconfig"; path = "Pods/Target Support Files/Pods-AppExt/Pods-AppExt.release.xcconfig"; sourceTree = "<group>"; };
		A6D948CAE8FB615B76F4654F /* libPods-AppExtensition.a */ = {isa = PBXFileReference; explicitFileType = archive.ar; includeInIndex = 0; path = "libPods-AppExtensition.a"; sourceTree = BUILT_PRODUCTS_DIR; };
		C9F669771D7912CE00DF0DFF /* AppExtensition.app */ = {isa = PBXFileReference; explicitFileType = wrapper.application; includeInIndex = 0; path = AppExtensition.app; sourceTree = BUILT_PRODUCTS_DIR; };
		C9F6697B1D7912CE00DF0DFF /* main.m */ = {isa = PBXFileReference; lastKnownFileType = sourcecode.c.objc; path = main.m; sourceTree = "<group>"; };
		C9F6697D1D7912CE00DF0DFF /* AppDelegate.h */ = {isa = PBXFileReference; lastKnownFileType = sourcecode.c.h; path = AppDelegate.h; sourceTree = "<group>"; };
		C9F6697E1D7912CE00DF0DFF /* AppDelegate.m */ = {isa = PBXFileReference; lastKnownFileType = sourcecode.c.objc; path = AppDelegate.m; sourceTree = "<group>"; };
		C9F669801D7912CE00DF0DFF /* ViewController.h */ = {isa = PBXFileReference; lastKnownFileType = sourcecode.c.h; name = ViewController.h; path = AppExtensition/ViewController.h; sourceTree = "<group>"; };
		C9F669811D7912CE00DF0DFF /* ViewController.m */ = {isa = PBXFileReference; lastKnownFileType = sourcecode.c.objc; name = ViewController.m; path = AppExtensition/ViewController.m; sourceTree = "<group>"; };
		C9F669841D7912CE00DF0DFF /* Base */ = {isa = PBXFileReference; lastKnownFileType = file.storyboard; name = Base; path = Base.lproj/Main.storyboard; sourceTree = "<group>"; };
		C9F669861D7912CE00DF0DFF /* Assets.xcassets */ = {isa = PBXFileReference; lastKnownFileType = folder.assetcatalog; path = Assets.xcassets; sourceTree = "<group>"; };
		C9F669891D7912CE00DF0DFF /* Base */ = {isa = PBXFileReference; lastKnownFileType = file.storyboard; name = Base; path = Base.lproj/LaunchScreen.storyboard; sourceTree = "<group>"; };
		C9F6698B1D7912CE00DF0DFF /* Info.plist */ = {isa = PBXFileReference; lastKnownFileType = text.plist.xml; path = Info.plist; sourceTree = "<group>"; };
		C9F669911D7914C200DF0DFF /* ViewController.xib */ = {isa = PBXFileReference; fileEncoding = 4; lastKnownFileType = file.xib; path = ViewController.xib; sourceTree = "<group>"; };
		C9F669991D79178700DF0DFF /* AppExt.appex */ = {isa = PBXFileReference; explicitFileType = "wrapper.app-extension"; includeInIndex = 0; path = AppExt.appex; sourceTree = BUILT_PRODUCTS_DIR; };
		C9F6699B1D79178700DF0DFF /* NotificationCenter.framework */ = {isa = PBXFileReference; lastKnownFileType = wrapper.framework; name = NotificationCenter.framework; path = System/Library/Frameworks/NotificationCenter.framework; sourceTree = SDKROOT; };
		C9F6699E1D79178700DF0DFF /* TodayViewController.h */ = {isa = PBXFileReference; lastKnownFileType = sourcecode.c.h; path = TodayViewController.h; sourceTree = "<group>"; };
		C9F6699F1D79178700DF0DFF /* TodayViewController.m */ = {isa = PBXFileReference; lastKnownFileType = sourcecode.c.objc; path = TodayViewController.m; sourceTree = "<group>"; };
		C9F669A21D79178700DF0DFF /* Base */ = {isa = PBXFileReference; lastKnownFileType = file.storyboard; name = Base; path = Base.lproj/MainInterface.storyboard; sourceTree = "<group>"; };
		C9F669A41D79178700DF0DFF /* Info.plist */ = {isa = PBXFileReference; lastKnownFileType = text.plist.xml; path = Info.plist; sourceTree = "<group>"; };
		C9F669AC1D79181600DF0DFF /* AppExt.entitlements */ = {isa = PBXFileReference; lastKnownFileType = text.xml; name = AppExt.entitlements; path = AppExt/AppExt.entitlements; sourceTree = "<group>"; };
		C9F669AD1D7918B100DF0DFF /* AppExtensition.entitlements */ = {isa = PBXFileReference; lastKnownFileType = text.xml; name = AppExtensition.entitlements; path = AppExtensition/AppExtensition.entitlements; sourceTree = "<group>"; };
		C9F669AF1D791AC600DF0DFF /* Icon.png */ = {isa = PBXFileReference; lastKnownFileType = image.png; path = Icon.png; sourceTree = "<group>"; };
		C9F669B51D79235000DF0DFF /* 业务名称.plist */ = {isa = PBXFileReference; lastKnownFileType = file.bplist; path = "业务名称.plist"; sourceTree = "<group>"; };
		C9F669B61D79235000DF0DFF /* bidBase_clock.png */ = {isa = PBXFileReference; lastKnownFileType = image.png; path = bidBase_clock.png; sourceTree = "<group>"; };
		C9F669B71D79235000DF0DFF /* bidBase_clock@2x.png */ = {isa = PBXFileReference; lastKnownFileType = image.png; path = "bidBase_clock@2x.png"; sourceTree = "<group>"; };
		C9F669B81D79235000DF0DFF /* bidBase_clock@3x.png */ = {isa = PBXFileReference; lastKnownFileType = image.png; path = "bidBase_clock@3x.png"; sourceTree = "<group>"; };
		C9FF2D8F1D795FC20047370F /* HomeController.h */ = {isa = PBXFileReference; fileEncoding = 4; lastKnownFileType = sourcecode.c.h; path = HomeController.h; sourceTree = "<group>"; };
		C9FF2D901D795FC20047370F /* HomeController.m */ = {isa = PBXFileReference; fileEncoding = 4; lastKnownFileType = sourcecode.c.objc; path = HomeController.m; sourceTree = "<group>"; };
		ECC3418986A8D049161BFCAF /* Pods-AppExtensition.debug.xcconfig */ = {isa = PBXFileReference; includeInIndex = 1; lastKnownFileType = text.xcconfig; name = "Pods-AppExtensition.debug.xcconfig"; path = "Pods/Target Support Files/Pods-AppExtensition/Pods-AppExtensition.debug.xcconfig"; sourceTree = "<group>"; };
		F6467EEA4353266E963E3D5F /* Pods-AppExtensition.release.xcconfig */ = {isa = PBXFileReference; includeInIndex = 1; lastKnownFileType = text.xcconfig; name = "Pods-AppExtensition.release.xcconfig"; path = "Pods/Target Support Files/Pods-AppExtensition/Pods-AppExtensition.release.xcconfig"; sourceTree = "<group>"; };
		FEC39ED40073B680E01E1E91 /* Pods-AppExt.debug.xcconfig */ = {isa = PBXFileReference; includeInIndex = 1; lastKnownFileType = text.xcconfig; name = "Pods-AppExt.debug.xcconfig"; path = "Pods/Target Support Files/Pods-AppExt/Pods-AppExt.debug.xcconfig"; sourceTree = "<group>"; };
/* End PBXFileReference section */

/* Begin PBXFrameworksBuildPhase section */
		C9F669741D7912CE00DF0DFF /* Frameworks */ = {
			isa = PBXFrameworksBuildPhase;
			buildActionMask = 2147483647;
			files = (
				63F167BB0DCDAC8F3E0AFAF2 /* libPods-AppExtensition.a in Frameworks */,
			);
			runOnlyForDeploymentPostprocessing = 0;
		};
		C9F669961D79178700DF0DFF /* Frameworks */ = {
			isa = PBXFrameworksBuildPhase;
			buildActionMask = 2147483647;
			files = (
				C9F6699C1D79178700DF0DFF /* NotificationCenter.framework in Frameworks */,
				61A95296F3207C168CADA940 /* libPods-AppExt.a in Frameworks */,
			);
			runOnlyForDeploymentPostprocessing = 0;
		};
/* End PBXFrameworksBuildPhase section */

/* Begin PBXGroup section */
		6FF307C612C252DA171F591F /* Pods */ = {
			isa = PBXGroup;
			children = (
				FEC39ED40073B680E01E1E91 /* Pods-AppExt.debug.xcconfig */,
				99E1EDEE0D19ED64E43C7031 /* Pods-AppExt.release.xcconfig */,
				ECC3418986A8D049161BFCAF /* Pods-AppExtensition.debug.xcconfig */,
				F6467EEA4353266E963E3D5F /* Pods-AppExtensition.release.xcconfig */,
			);
			name = Pods;
			sourceTree = "<group>";
		};
		C9F6696E1D7912CE00DF0DFF = {
			isa = PBXGroup;
			children = (
				C9FF2D8E1D795F750047370F /* Controller */,
				C9F669B41D791B2400DF0DFF /* Image */,
				C9F669941D79152E00DF0DFF /* AppExt */,
				C9F669931D79150F00DF0DFF /* View */,
				C9F669791D7912CE00DF0DFF /* AppExtensition */,
				C9F6699D1D79178700DF0DFF /* AppExt */,
				C9F6699A1D79178700DF0DFF /* Frameworks */,
				C9F669781D7912CE00DF0DFF /* Products */,
				6FF307C612C252DA171F591F /* Pods */,
			);
			sourceTree = "<group>";
		};
		C9F669781D7912CE00DF0DFF /* Products */ = {
			isa = PBXGroup;
			children = (
				C9F669771D7912CE00DF0DFF /* AppExtensition.app */,
				C9F669991D79178700DF0DFF /* AppExt.appex */,
			);
			name = Products;
			sourceTree = "<group>";
		};
		C9F669791D7912CE00DF0DFF /* AppExtensition */ = {
			isa = PBXGroup;
			children = (
				C9F6697D1D7912CE00DF0DFF /* AppDelegate.h */,
				C9F6697E1D7912CE00DF0DFF /* AppDelegate.m */,
				C9F669861D7912CE00DF0DFF /* Assets.xcassets */,
				C9F6697A1D7912CE00DF0DFF /* Supporting Files */,
			);
			path = AppExtensition;
			sourceTree = "<group>";
		};
		C9F6697A1D7912CE00DF0DFF /* Supporting Files */ = {
			isa = PBXGroup;
			children = (
				C9F669831D7912CE00DF0DFF /* Main.storyboard */,
				C9F669881D7912CE00DF0DFF /* LaunchScreen.storyboard */,
				C9F6698B1D7912CE00DF0DFF /* Info.plist */,
				C9F6697B1D7912CE00DF0DFF /* main.m */,
			);
			name = "Supporting Files";
			sourceTree = "<group>";
		};
		C9F669931D79150F00DF0DFF /* View */ = {
			isa = PBXGroup;
			children = (
				C9F669911D7914C200DF0DFF /* ViewController.xib */,
			);
			name = View;
			sourceTree = "<group>";
		};
		C9F669941D79152E00DF0DFF /* AppExt */ = {
			isa = PBXGroup;
			children = (
				C9F669AD1D7918B100DF0DFF /* AppExtensition.entitlements */,
				C9F669AC1D79181600DF0DFF /* AppExt.entitlements */,
			);
			name = AppExt;
			sourceTree = "<group>";
		};
		C9F6699A1D79178700DF0DFF /* Frameworks */ = {
			isa = PBXGroup;
			children = (
				C9F6699B1D79178700DF0DFF /* NotificationCenter.framework */,
				64B1EC6A336441626BE716DD /* libPods-AppExt.a */,
				A6D948CAE8FB615B76F4654F /* libPods-AppExtensition.a */,
			);
			name = Frameworks;
			sourceTree = "<group>";
		};
		C9F6699D1D79178700DF0DFF /* AppExt */ = {
			isa = PBXGroup;
			children = (
				C9F6699E1D79178700DF0DFF /* TodayViewController.h */,
				C9F6699F1D79178700DF0DFF /* TodayViewController.m */,
				C9F669A11D79178700DF0DFF /* MainInterface.storyboard */,
				C9F669A41D79178700DF0DFF /* Info.plist */,
			);
			path = AppExt;
			sourceTree = "<group>";
		};
		C9F669B41D791B2400DF0DFF /* Image */ = {
			isa = PBXGroup;
			children = (
				C9F669B51D79235000DF0DFF /* 业务名称.plist */,
				C9F669B61D79235000DF0DFF /* bidBase_clock.png */,
				C9F669B71D79235000DF0DFF /* bidBase_clock@2x.png */,
				C9F669B81D79235000DF0DFF /* bidBase_clock@3x.png */,
				C9F669AF1D791AC600DF0DFF /* Icon.png */,
			);
			name = Image;
			sourceTree = "<group>";
		};
		C9FF2D8E1D795F750047370F /* Controller */ = {
			isa = PBXGroup;
			children = (
				C9F669801D7912CE00DF0DFF /* ViewController.h */,
				C9F669811D7912CE00DF0DFF /* ViewController.m */,
				C9FF2D8F1D795FC20047370F /* HomeController.h */,
				C9FF2D901D795FC20047370F /* HomeController.m */,
			);
			name = Controller;
			sourceTree = "<group>";
		};
/* End PBXGroup section */

/* Begin PBXNativeTarget section */
		C9F669761D7912CE00DF0DFF /* AppExtensition */ = {
			isa = PBXNativeTarget;
			buildConfigurationList = C9F6698E1D7912CE00DF0DFF /* Build configuration list for PBXNativeTarget "AppExtensition" */;
			buildPhases = (
				29E3C50B98F9B7485412122B /* [CP] Check Pods Manifest.lock */,
				C9F669731D7912CE00DF0DFF /* Sources */,
				C9F669741D7912CE00DF0DFF /* Frameworks */,
				C9F669751D7912CE00DF0DFF /* Resources */,
				C9F669AB1D79178700DF0DFF /* Embed App Extensions */,
				9A23FEBCE29801B76E404A58 /* [CP] Embed Pods Frameworks */,
				7431FE82C5817860F1B24B6C /* [CP] Copy Pods Resources */,
			);
			buildRules = (
			);
			dependencies = (
				C9F669A61D79178700DF0DFF /* PBXTargetDependency */,
			);
			name = AppExtensition;
			productName = AppExtensition;
			productReference = C9F669771D7912CE00DF0DFF /* AppExtensition.app */;
			productType = "com.apple.product-type.application";
		};
		C9F669981D79178700DF0DFF /* AppExt */ = {
			isa = PBXNativeTarget;
			buildConfigurationList = C9F669A81D79178700DF0DFF /* Build configuration list for PBXNativeTarget "AppExt" */;
			buildPhases = (
				1489F83EC85BB397C7428A1B /* [CP] Check Pods Manifest.lock */,
				C9F669951D79178700DF0DFF /* Sources */,
				C9F669961D79178700DF0DFF /* Frameworks */,
				C9F669971D79178700DF0DFF /* Resources */,
				B2DDD4D7EE92ED93D174ED82 /* [CP] Embed Pods Frameworks */,
				C64C7366DAD124003AC0BFDD /* [CP] Copy Pods Resources */,
			);
			buildRules = (
			);
			dependencies = (
			);
			name = AppExt;
			productName = AppExt;
			productReference = C9F669991D79178700DF0DFF /* AppExt.appex */;
			productType = "com.apple.product-type.app-extension";
		};
/* End PBXNativeTarget section */

/* Begin PBXProject section */
		C9F6696F1D7912CE00DF0DFF /* Project object */ = {
			isa = PBXProject;
			attributes = {
				LastUpgradeCheck = 0720;
				ORGANIZATIONNAME = TFLH;
				TargetAttributes = {
					C9F669761D7912CE00DF0DFF = {
						CreatedOnToolsVersion = 7.2;
						DevelopmentTeam = H9KF4VE576;
						SystemCapabilities = {
							com.apple.ApplicationGroups.iOS = {
								enabled = 1;
							};
						};
					};
					C9F669981D79178700DF0DFF = {
						CreatedOnToolsVersion = 7.2;
						DevelopmentTeam = H9KF4VE576;
						SystemCapabilities = {
							com.apple.ApplicationGroups.iOS = {
								enabled = 1;
							};
						};
					};
				};
			};
			buildConfigurationList = C9F669721D7912CE00DF0DFF /* Build configuration list for PBXProject "AppExtensition" */;
			compatibilityVersion = "Xcode 3.2";
			developmentRegion = English;
			hasScannedForEncodings = 0;
			knownRegions = (
				en,
				Base,
			);
			mainGroup = C9F6696E1D7912CE00DF0DFF;
			productRefGroup = C9F669781D7912CE00DF0DFF /* Products */;
			projectDirPath = "";
			projectRoot = "";
			targets = (
				C9F669761D7912CE00DF0DFF /* AppExtensition */,
				C9F669981D79178700DF0DFF /* AppExt */,
			);
		};
/* End PBXProject section */

/* Begin PBXResourcesBuildPhase section */
		C9F669751D7912CE00DF0DFF /* Resources */ = {
			isa = PBXResourcesBuildPhase;
			buildActionMask = 2147483647;
			files = (
				C9F669B21D791AC600DF0DFF /* Icon.png in Resources */,
				C9F6698A1D7912CE00DF0DFF /* LaunchScreen.storyboard in Resources */,
				C9F669BB1D79235000DF0DFF /* bidBase_clock@2x.png in Resources */,
				C9F669BC1D79235000DF0DFF /* bidBase_clock@3x.png in Resources */,
				C9F669871D7912CE00DF0DFF /* Assets.xcassets in Resources */,
				C9F669B91D79235000DF0DFF /* 业务名称.plist in Resources */,
				C9F669BA1D79235000DF0DFF /* bidBase_clock.png in Resources */,
				C9F669921D7914C200DF0DFF /* ViewController.xib in Resources */,
				C9F669851D7912CE00DF0DFF /* Main.storyboard in Resources */,
			);
			runOnlyForDeploymentPostprocessing = 0;
		};
		C9F669971D79178700DF0DFF /* Resources */ = {
			isa = PBXResourcesBuildPhase;
			buildActionMask = 2147483647;
			files = (
				C9F669A31D79178700DF0DFF /* MainInterface.storyboard in Resources */,
			);
			runOnlyForDeploymentPostprocessing = 0;
		};
/* End PBXResourcesBuildPhase section */

/* Begin PBXShellScriptBuildPhase section */
		1489F83EC85BB397C7428A1B /* [CP] Check Pods Manifest.lock */ = {
			isa = PBXShellScriptBuildPhase;
			buildActionMask = 2147483647;
			files = (
			);
			inputPaths = (
			);
			name = "[CP] Check Pods Manifest.lock";
			outputPaths = (
			);
			runOnlyForDeploymentPostprocessing = 0;
			shellPath = /bin/sh;
			shellScript = "diff \"${PODS_ROOT}/../Podfile.lock\" \"${PODS_ROOT}/Manifest.lock\" > /dev/null\nif [[ $? != 0 ]] ; then\n    cat << EOM\nerror: The sandbox is not in sync with the Podfile.lock. Run 'pod install' or update your CocoaPods installation.\nEOM\n    exit 1\nfi\n";
			showEnvVarsInLog = 0;
		};
		29E3C50B98F9B7485412122B /* [CP] Check Pods Manifest.lock */ = {
			isa = PBXShellScriptBuildPhase;
			buildActionMask = 2147483647;
			files = (
			);
			inputPaths = (
			);
			name = "[CP] Check Pods Manifest.lock";
			outputPaths = (
			);
			runOnlyForDeploymentPostprocessing = 0;
			shellPath = /bin/sh;
			shellScript = "diff \"${PODS_ROOT}/../Podfile.lock\" \"${PODS_ROOT}/Manifest.lock\" > /dev/null\nif [[ $? != 0 ]] ; then\n    cat << EOM\nerror: The sandbox is not in sync with the Podfile.lock. Run 'pod install' or update your CocoaPods installation.\nEOM\n    exit 1\nfi\n";
			showEnvVarsInLog = 0;
		};
		7431FE82C5817860F1B24B6C /* [CP] Copy Pods Resources */ = {
			isa = PBXShellScriptBuildPhase;
			buildActionMask = 2147483647;
			files = (
			);
			inputPaths = (
			);
			name = "[CP] Copy Pods Resources";
			outputPaths = (
			);
			runOnlyForDeploymentPostprocessing = 0;
			shellPath = /bin/sh;
			shellScript = "\"${SRCROOT}/Pods/Target Support Files/Pods-AppExtensition/Pods-AppExtensition-resources.sh\"\n";
			showEnvVarsInLog = 0;
		};
		9A23FEBCE29801B76E404A58 /* [CP] Embed Pods Frameworks */ = {
			isa = PBXShellScriptBuildPhase;
			buildActionMask = 2147483647;
			files = (
			);
			inputPaths = (
			);
			name = "[CP] Embed Pods Frameworks";
			outputPaths = (
			);
			runOnlyForDeploymentPostprocessing = 0;
			shellPath = /bin/sh;
			shellScript = "\"${SRCROOT}/Pods/Target Support Files/Pods-AppExtensition/Pods-AppExtensition-frameworks.sh\"\n";
			showEnvVarsInLog = 0;
		};
		B2DDD4D7EE92ED93D174ED82 /* [CP] Embed Pods Frameworks */ = {
			isa = PBXShellScriptBuildPhase;
			buildActionMask = 2147483647;
			files = (
			);
			inputPaths = (
			);
			name = "[CP] Embed Pods Frameworks";
			outputPaths = (
			);
			runOnlyForDeploymentPostprocessing = 0;
			shellPath = /bin/sh;
			shellScript = "\"${SRCROOT}/Pods/Target Support Files/Pods-AppExt/Pods-AppExt-frameworks.sh\"\n";
			showEnvVarsInLog = 0;
		};
		C64C7366DAD124003AC0BFDD /* [CP] Copy Pods Resources */ = {
			isa = PBXShellScriptBuildPhase;
			buildActionMask = 2147483647;
			files = (
			);
			inputPaths = (
			);
			name = "[CP] Copy Pods Resources";
			outputPaths = (
			);
			runOnlyForDeploymentPostprocessing = 0;
			shellPath = /bin/sh;
			shellScript = "\"${SRCROOT}/Pods/Target Support Files/Pods-AppExt/Pods-AppExt-resources.sh\"\n";
			showEnvVarsInLog = 0;
		};
/* End PBXShellScriptBuildPhase section */

/* Begin PBXSourcesBuildPhase section */
		C9F669731D7912CE00DF0DFF /* Sources */ = {
			isa = PBXSourcesBuildPhase;
			buildActionMask = 2147483647;
			files = (
				C9FF2D911D795FC20047370F /* HomeController.m in Sources */,
				C9F669821D7912CE00DF0DFF /* ViewController.m in Sources */,
				C9F6697F1D7912CE00DF0DFF /* AppDelegate.m in Sources */,
				C9F6697C1D7912CE00DF0DFF /* main.m in Sources */,
			);
			runOnlyForDeploymentPostprocessing = 0;
		};
		C9F669951D79178700DF0DFF /* Sources */ = {
			isa = PBXSourcesBuildPhase;
			buildActionMask = 2147483647;
			files = (
				C9F669A01D79178700DF0DFF /* TodayViewController.m in Sources */,
			);
			runOnlyForDeploymentPostprocessing = 0;
		};
/* End PBXSourcesBuildPhase section */

/* Begin PBXTargetDependency section */
		C9F669A61D79178700DF0DFF /* PBXTargetDependency */ = {
			isa = PBXTargetDependency;
			target = C9F669981D79178700DF0DFF /* AppExt */;
			targetProxy = C9F669A51D79178700DF0DFF /* PBXContainerItemProxy */;
		};
/* End PBXTargetDependency section */

/* Begin PBXVariantGroup section */
		C9F669831D7912CE00DF0DFF /* Main.storyboard */ = {
			isa = PBXVariantGroup;
			children = (
				C9F669841D7912CE00DF0DFF /* Base */,
			);
			name = Main.storyboard;
			sourceTree = "<group>";
		};
		C9F669881D7912CE00DF0DFF /* LaunchScreen.storyboard */ = {
			isa = PBXVariantGroup;
			children = (
				C9F669891D7912CE00DF0DFF /* Base */,
			);
			name = LaunchScreen.storyboard;
			sourceTree = "<group>";
		};
		C9F669A11D79178700DF0DFF /* MainInterface.storyboard */ = {
			isa = PBXVariantGroup;
			children = (
				C9F669A21D79178700DF0DFF /* Base */,
			);
			name = MainInterface.storyboard;
			sourceTree = "<group>";
		};
/* End PBXVariantGroup section */

/* Begin XCBuildConfiguration section */
		C9F6698C1D7912CE00DF0DFF /* Debug */ = {
			isa = XCBuildConfiguration;
			buildSettings = {
				ALWAYS_SEARCH_USER_PATHS = NO;
				CLANG_CXX_LANGUAGE_STANDARD = "gnu++0x";
				CLANG_CXX_LIBRARY = "libc++";
				CLANG_ENABLE_MODULES = YES;
				CLANG_ENABLE_OBJC_ARC = YES;
				CLANG_WARN_BOOL_CONVERSION = YES;
				CLANG_WARN_CONSTANT_CONVERSION = YES;
				CLANG_WARN_DIRECT_OBJC_ISA_USAGE = YES_ERROR;
				CLANG_WARN_EMPTY_BODY = YES;
				CLANG_WARN_ENUM_CONVERSION = YES;
				CLANG_WARN_INT_CONVERSION = YES;
				CLANG_WARN_OBJC_ROOT_CLASS = YES_ERROR;
				CLANG_WARN_UNREACHABLE_CODE = YES;
				CLANG_WARN__DUPLICATE_METHOD_MATCH = YES;
				"CODE_SIGN_IDENTITY[sdk=iphoneos*]" = "iPhone Developer";
				COPY_PHASE_STRIP = NO;
				DEBUG_INFORMATION_FORMAT = dwarf;
				ENABLE_STRICT_OBJC_MSGSEND = YES;
				ENABLE_TESTABILITY = YES;
				GCC_C_LANGUAGE_STANDARD = gnu99;
				GCC_DYNAMIC_NO_PIC = NO;
				GCC_NO_COMMON_BLOCKS = YES;
				GCC_OPTIMIZATION_LEVEL = 0;
				GCC_PREPROCESSOR_DEFINITIONS = (
					"DEBUG=1",
					"$(inherited)",
				);
				GCC_WARN_64_TO_32_BIT_CONVERSION = YES;
				GCC_WARN_ABOUT_RETURN_TYPE = YES_ERROR;
				GCC_WARN_UNDECLARED_SELECTOR = YES;
				GCC_WARN_UNINITIALIZED_AUTOS = YES_AGGRESSIVE;
				GCC_WARN_UNUSED_FUNCTION = YES;
				GCC_WARN_UNUSED_VARIABLE = YES;
				IPHONEOS_DEPLOYMENT_TARGET = 9.2;
				MTL_ENABLE_DEBUG_INFO = YES;
				ONLY_ACTIVE_ARCH = YES;
				SDKROOT = iphoneos;
			};
			name = Debug;
		};
		C9F6698D1D7912CE00DF0DFF /* Release */ = {
			isa = XCBuildConfiguration;
			buildSettings = {
				ALWAYS_SEARCH_USER_PATHS = NO;
				CLANG_CXX_LANGUAGE_STANDARD = "gnu++0x";
				CLANG_CXX_LIBRARY = "libc++";
				CLANG_ENABLE_MODULES = YES;
				CLANG_ENABLE_OBJC_ARC = YES;
				CLANG_WARN_BOOL_CONVERSION = YES;
				CLANG_WARN_CONSTANT_CONVERSION = YES;
				CLANG_WARN_DIRECT_OBJC_ISA_USAGE = YES_ERROR;
				CLANG_WARN_EMPTY_BODY = YES;
				CLANG_WARN_ENUM_CONVERSION = YES;
				CLANG_WARN_INT_CONVERSION = YES;
				CLANG_WARN_OBJC_ROOT_CLASS = YES_ERROR;
				CLANG_WARN_UNREACHABLE_CODE = YES;
				CLANG_WARN__DUPLICATE_METHOD_MATCH = YES;
				"CODE_SIGN_IDENTITY[sdk=iphoneos*]" = "iPhone Developer";
				COPY_PHASE_STRIP = NO;
				DEBUG_INFORMATION_FORMAT = "dwarf-with-dsym";
				ENABLE_NS_ASSERTIONS = NO;
				ENABLE_STRICT_OBJC_MSGSEND = YES;
				GCC_C_LANGUAGE_STANDARD = gnu99;
				GCC_NO_COMMON_BLOCKS = YES;
				GCC_WARN_64_TO_32_BIT_CONVERSION = YES;
				GCC_WARN_ABOUT_RETURN_TYPE = YES_ERROR;
				GCC_WARN_UNDECLARED_SELECTOR = YES;
				GCC_WARN_UNINITIALIZED_AUTOS = YES_AGGRESSIVE;
				GCC_WARN_UNUSED_FUNCTION = YES;
				GCC_WARN_UNUSED_VARIABLE = YES;
				IPHONEOS_DEPLOYMENT_TARGET = 9.2;
				MTL_ENABLE_DEBUG_INFO = NO;
				SDKROOT = iphoneos;
				VALIDATE_PRODUCT = YES;
			};
			name = Release;
		};
		C9F6698F1D7912CE00DF0DFF /* Debug */ = {
			isa = XCBuildConfiguration;
			baseConfigurationReference = ECC3418986A8D049161BFCAF /* Pods-AppExtensition.debug.xcconfig */;
			buildSettings = {
				ASSETCATALOG_COMPILER_APPICON_NAME = AppIcon;
				CODE_SIGN_ENTITLEMENTS = AppExtensition/AppExtensition.entitlements;
				CODE_SIGN_IDENTITY = "iPhone Developer";
				"CODE_SIGN_IDENTITY[sdk=iphoneos*]" = "iPhone Developer";
				INFOPLIST_FILE = AppExtensition/Info.plist;
				LD_RUNPATH_SEARCH_PATHS = "$(inherited) @executable_path/Frameworks";
				PRODUCT_BUNDLE_IDENTIFIER = TFLH.AppExtensition;
				PRODUCT_NAME = "$(TARGET_NAME)";
				PROVISIONING_PROFILE = "";
			};
			name = Debug;
		};
		C9F669901D7912CE00DF0DFF /* Release */ = {
			isa = XCBuildConfiguration;
			baseConfigurationReference = F6467EEA4353266E963E3D5F /* Pods-AppExtensition.release.xcconfig */;
			buildSettings = {
				ASSETCATALOG_COMPILER_APPICON_NAME = AppIcon;
				CODE_SIGN_ENTITLEMENTS = AppExtensition/AppExtensition.entitlements;
				CODE_SIGN_IDENTITY = "iPhone Developer";
				"CODE_SIGN_IDENTITY[sdk=iphoneos*]" = "iPhone Developer";
				INFOPLIST_FILE = AppExtensition/Info.plist;
				LD_RUNPATH_SEARCH_PATHS = "$(inherited) @executable_path/Frameworks";
				PRODUCT_BUNDLE_IDENTIFIER = TFLH.AppExtensition;
				PRODUCT_NAME = "$(TARGET_NAME)";
				PROVISIONING_PROFILE = "";
			};
			name = Release;
		};
		C9F669A91D79178700DF0DFF /* Debug */ = {
			isa = XCBuildConfiguration;
			baseConfigurationReference = FEC39ED40073B680E01E1E91 /* Pods-AppExt.debug.xcconfig */;
			buildSettings = {
				CODE_SIGN_ENTITLEMENTS = AppExt/AppExt.entitlements;
				CODE_SIGN_IDENTITY = "iPhone Developer";
				"CODE_SIGN_IDENTITY[sdk=iphoneos*]" = "iPhone Developer";
				INFOPLIST_FILE = AppExt/Info.plist;
				LD_RUNPATH_SEARCH_PATHS = "$(inherited) @executable_path/Frameworks @executable_path/../../Frameworks";
				PRODUCT_BUNDLE_IDENTIFIER = TFLH.AppExtensition.AppExt;
				PRODUCT_NAME = "$(TARGET_NAME)";
				PROVISIONING_PROFILE = "";
				SKIP_INSTALL = YES;
			};
			name = Debug;
		};
		C9F669AA1D79178700DF0DFF /* Release */ = {
			isa = XCBuildConfiguration;
			baseConfigurationReference = 99E1EDEE0D19ED64E43C7031 /* Pods-AppExt.release.xcconfig */;
			buildSettings = {
				CODE_SIGN_ENTITLEMENTS = AppExt/AppExt.entitlements;
				CODE_SIGN_IDENTITY = "iPhone Developer";
				"CODE_SIGN_IDENTITY[sdk=iphoneos*]" = "iPhone Developer";
				INFOPLIST_FILE = AppExt/Info.plist;
				LD_RUNPATH_SEARCH_PATHS = "$(inherited) @executable_path/Frameworks @executable_path/../../Frameworks";
				PRODUCT_BUNDLE_IDENTIFIER = TFLH.AppExtensition.AppExt;
				PRODUCT_NAME = "$(TARGET_NAME)";
				PROVISIONING_PROFILE = "";
				SKIP_INSTALL = YES;
			};
			name = Release;
		};
/* End XCBuildConfiguration section */

/* Begin XCConfigurationList section */
		C9F669721D7912CE00DF0DFF /* Build configuration list for PBXProject "AppExtensition" */ = {
			isa = XCConfigurationList;
			buildConfigurations = (
				C9F6698C1D7912CE00DF0DFF /* Debug */,
				C9F6698D1D7912CE00DF0DFF /* Release */,
			);
			defaultConfigurationIsVisible = 0;
			defaultConfigurationName = Release;
		};
		C9F6698E1D7912CE00DF0DFF /* Build configuration list for PBXNativeTarget "AppExtensition" */ = {
			isa = XCConfigurationList;
			buildConfigurations = (
				C9F6698F1D7912CE00DF0DFF /* Debug */,
				C9F669901D7912CE00DF0DFF /* Release */,
			);
			defaultConfigurationIsVisible = 0;
			defaultConfigurationName = Release;
		};
		C9F669A81D79178700DF0DFF /* Build configuration list for PBXNativeTarget "AppExt" */ = {
			isa = XCConfigurationList;
			buildConfigurations = (
				C9F669A91D79178700DF0DFF /* Debug */,
				C9F669AA1D79178700DF0DFF /* Release */,
			);
			defaultConfigurationIsVisible = 0;
			defaultConfigurationName = Release;
		};
/* End XCConfigurationList section */
	};
	rootObject = C9F6696F1D7912CE00DF0DFF /* Project object */;
}
